{
  "requires": true,
  "lockfileVersion": 1,
  "dependencies": {
    "bcryptjs": {
      "version": "2.4.3",
      "resolved": "https://registry.npmjs.org/bcryptjs/-/bcryptjs-2.4.3.tgz",
      "integrity": "sha512-V/Hy/X9Vt7f3BbPJEi8BdVFMByHi+jNXrYkW3huaybV/kQ0KJg0Y6PkEMbn+zeT+i+SiKZ/HMqJGIIt4LZDqNQ=="
    },
    "express-rate-limit": {
      "version": "7.4.1",
      "resolved": "https://registry.npmjs.org/express-rate-limit/-/express-rate-limit-7.4.1.tgz",
      "integrity": "sha512-KS3efpnpIDVIXopMc65EMbWbUht7qvTCdtCR2dD/IZmi9MIkopYESwyRqLgv8Pfu589+KqDqOdzJWW7AHoACeg=="
    }
  }
}
